
Microsoft Visual Studio Solution File, Format Version 12.00
# Visual Studio Version 16
VisualStudioVersion = 16.0.30114.105
MinimumVisualStudioVersion = 10.0.40219.1
Project("{2150E333-8FDC-42A3-9474-1A3956D46DE8}") = "src", "src", "{8C6ABDBB-EB4C-4E07-911D-FA3ED060C8F3}"
EndProject
Project("{FAE04EC0-301F-11D3-BF4B-00C04F79EFBC}") = "Move.Common", "src\Move.Common\Move.Common.csproj", "{64224547-90E9-47DA-9B5B-D2BF8FF3C056}"
EndProject
Global
	GlobalSection(SolutionConfigurationPlatforms) = preSolution
		Debug|Any CPU = Debug|Any CPU
		Release|Any CPU = Release|Any CPU
	EndGlobalSection
	GlobalSection(SolutionProperties) = preSolution
		HideSolutionNode = FALSE
	EndGlobalSection
	GlobalSection(ProjectConfigurationPlatforms) = postSolution
		{64224547-90E9-47DA-9B5B-D2BF8FF3C056}.Debug|Any CPU.ActiveCfg = Debug|Any CPU
		{64224547-90E9-47DA-9B5B-D2BF8FF3C056}.Debug|Any CPU.Build.0 = Debug|Any CPU
		{64224547-90E9-47DA-9B5B-D2BF8FF3C056}.Release|Any CPU.ActiveCfg = Release|Any CPU
		{64224547-90E9-47DA-9B5B-D2BF8FF3C056}.Release|Any CPU.Build.0 = Release|Any CPU
	EndGlobalSection
	GlobalSection(NestedProjects) = preSolution
		{64224547-90E9-47DA-9B5B-D2BF8FF3C056} = {8C6ABDBB-EB4C-4E07-911D-FA3ED060C8F3}
	EndGlobalSection
EndGlobal
